
Microsoft Visual Studio Solution File, Format Version 12.00
# Visual Studio 2012
Project("{6989167D-11E4-40FE-8C1A-2192A86A7E90}") = "mpm3d-f90", "mpm3d-f90.vfproj", "{97108251-87B2-43A6-971B-74355B2A774E}"
EndProject
Global
	GlobalSection(SolutionConfigurationPlatforms) = preSolution
		Debug|Win32 = Debug|Win32
		Release|Win32 = Release|Win32
	EndGlobalSection
	GlobalSection(ProjectConfigurationPlatforms) = postSolution
		{97108251-87B2-43A6-971B-74355B2A774E}.Debug|Win32.ActiveCfg = Debug|Win32
		{97108251-87B2-43A6-971B-74355B2A774E}.Debug|Win32.Build.0 = Debug|Win32
		{97108251-87B2-43A6-971B-74355B2A774E}.Release|Win32.ActiveCfg = Release|Win32
		{97108251-87B2-43A6-971B-74355B2A774E}.Release|Win32.Build.0 = Release|Win32
	EndGlobalSection
	GlobalSection(SolutionProperties) = preSolution
		HideSolutionNode = FALSE
	EndGlobalSection
EndGlobal
